// !$*UTF8*$!
{
	archiveVersion = 1;
	classes = {
	};
	objectVersion = 46;
	objects = {

/* Begin PBXBuildFile section */
		4E0C892E1E86565C002CB9F1 /* ISColorWheel.m in Sources */ = {isa = PBXBuildFile; fileRef = 4E0C892D1E86565C002CB9F1 /* ISColorWheel.m */; };
		4E9D79541E86464400AF26AB /* ColorSelector.swift in Sources */ = {isa = PBXBuildFile; fileRef = 4E9D79531E86464400AF26AB /* ColorSelector.swift */; };
		E408D3CF1E864185007FFF48 /* AppDelegate.swift in Sources */ = {isa = PBXBuildFile; fileRef = E408D3CE1E864185007FFF48 /* AppDelegate.swift */; };
		E408D3D11E864185007FFF48 /* ViewController.swift in Sources */ = {isa = PBXBuildFile; fileRef = E408D3D01E864185007FFF48 /* ViewController.swift */; };
		E408D3D41E864185007FFF48 /* Main.storyboard in Resources */ = {isa = PBXBuildFile; fileRef = E408D3D21E864185007FFF48 /* Main.storyboard */; };
		E408D3D61E864185007FFF48 /* Assets.xcassets in Resources */ = {isa = PBXBuildFile; fileRef = E408D3D51E864185007FFF48 /* Assets.xcassets */; };
		E408D3D91E864185007FFF48 /* LaunchScreen.storyboard in Resources */ = {isa = PBXBuildFile; fileRef = E408D3D71E864185007FFF48 /* LaunchScreen.storyboard */; };
/* End PBXBuildFile section */

/* Begin PBXFileReference section */
		4E0C892B1E86565C002CB9F1 /* colorMe-Bridging-Header.h */ = {isa = PBXFileReference; lastKnownFileType = sourcecode.c.h; path = "colorMe-Bridging-Header.h"; sourceTree = "<group>"; };
		4E0C892C1E86565C002CB9F1 /* ISColorWheel.h */ = {isa = PBXFileReference; fileEncoding = 4; lastKnownFileType = sourcecode.c.h; path = ISColorWheel.h; sourceTree = "<group>"; };
		4E0C892D1E86565C002CB9F1 /* ISColorWheel.m */ = {isa = PBXFileReference; fileEncoding = 4; lastKnownFileType = sourcecode.c.objc; path = ISColorWheel.m; sourceTree = "<group>"; };
		4E9D79531E86464400AF26AB /* ColorSelector.swift */ = {isa = PBXFileReference; fileEncoding = 4; lastKnownFileType = sourcecode.swift; path = ColorSelector.swift; sourceTree = "<group>"; };
		E408D3CB1E864185007FFF48 /* colorMe.app */ = {isa = PBXFileReference; explicitFileType = wrapper.application; includeInIndex = 0; path = colorMe.app; sourceTree = BUILT_PRODUCTS_DIR; };
		E408D3CE1E864185007FFF48 /* AppDelegate.swift */ = {isa = PBXFileReference; lastKnownFileType = sourcecode.swift; path = AppDelegate.swift; sourceTree = "<group>"; };
		E408D3D01E864185007FFF48 /* ViewController.swift */ = {isa = PBXFileReference; lastKnownFileType = sourcecode.swift; path = ViewController.swift; sourceTree = "<group>"; };
		E408D3D31E864185007FFF48 /* Base */ = {isa = PBXFileReference; lastKnownFileType = file.storyboard; name = Base; path = Base.lproj/Main.storyboard; sourceTree = "<group>"; };
		E408D3D51E864185007FFF48 /* Assets.xcassets */ = {isa = PBXFileReference; lastKnownFileType = folder.assetcatalog; path = Assets.xcassets; sourceTree = "<group>"; };
		E408D3D81E864185007FFF48 /* Base */ = {isa = PBXFileReference; lastKnownFileType = file.storyboard; name = Base; path = Base.lproj/LaunchScreen.storyboard; sourceTree = "<group>"; };
		E408D3DA1E864185007FFF48 /* Info.plist */ = {isa = PBXFileReference; lastKnownFileType = text.plist.xml; path = Info.plist; sourceTree = "<group>"; };
/* End PBXFileReference section */

/* Begin PBXFrameworksBuildPhase section */
		E408D3C81E864184007FFF48 /* Frameworks */ = {
			isa = PBXFrameworksBuildPhase;
			buildActionMask = 2147483647;
			files = (
			);
			runOnlyForDeploymentPostprocessing = 0;
		};
/* End PBXFrameworksBuildPhase section */

/* Begin PBXGroup section */
		E408D3C21E864184007FFF48 = {
			isa = PBXGroup;
			children = (
				E408D3CD1E864185007FFF48 /* colorMe */,
				E408D3CC1E864185007FFF48 /* Products */,
			);
			sourceTree = "<group>";
			usesTabs = 1;
		};
		E408D3CC1E864185007FFF48 /* Products */ = {
			isa = PBXGroup;
			children = (
				E408D3CB1E864185007FFF48 /* colorMe.app */,
			);
			name = Products;
			sourceTree = "<group>";
		};
		E408D3CD1E864185007FFF48 /* colorMe */ = {
			isa = PBXGroup;
			children = (
				4E0C892C1E86565C002CB9F1 /* ISColorWheel.h */,
				4E0C892D1E86565C002CB9F1 /* ISColorWheel.m */,
				E408D3CE1E864185007FFF48 /* AppDelegate.swift */,
				E408D3D01E864185007FFF48 /* ViewController.swift */,
				E408D3D21E864185007FFF48 /* Main.storyboard */,
				4E9D79531E86464400AF26AB /* ColorSelector.swift */,
				E408D3D51E864185007FFF48 /* Assets.xcassets */,
				E408D3D71E864185007FFF48 /* LaunchScreen.storyboard */,
				E408D3DA1E864185007FFF48 /* Info.plist */,
				4E0C892B1E86565C002CB9F1 /* colorMe-Bridging-Header.h */,
			);
			path = colorMe;
			sourceTree = "<group>";
		};
/* End PBXGroup section */

/* Begin PBXNativeTarget section */
		E408D3CA1E864184007FFF48 /* colorMe */ = {
			isa = PBXNativeTarget;
			buildConfigurationList = E408D3DD1E864185007FFF48 /* Build configuration list for PBXNativeTarget "colorMe" */;
			buildPhases = (
				E408D3C71E864184007FFF48 /* Sources */,
				E408D3C81E864184007FFF48 /* Frameworks */,
				E408D3C91E864184007FFF48 /* Resources */,
			);
			buildRules = (
			);
			dependencies = (
			);
			name = colorMe;
			productName = colorMe;
			productReference = E408D3CB1E864185007FFF48 /* colorMe.app */;
			productType = "com.apple.product-type.application";
		};
/* End PBXNativeTarget section */

/* Begin PBXProject section */
		E408D3C31E864184007FFF48 /* Project object */ = {
			isa = PBXProject;
			attributes = {
				LastSwiftUpdateCheck = 0820;
				LastUpgradeCheck = 0820;
				ORGANIZATIONNAME = "Andrew Myers";
				TargetAttributes = {
					E408D3CA1E864184007FFF48 = {
						CreatedOnToolsVersion = 8.2.1;
						DevelopmentTeam = N85APE3W6D;
						LastSwiftMigration = 0820;
						ProvisioningStyle = Automatic;
					};
				};
			};
			buildConfigurationList = E408D3C61E864184007FFF48 /* Build configuration list for PBXProject "colorMe" */;
			compatibilityVersion = "Xcode 3.2";
			developmentRegion = English;
			hasScannedForEncodings = 0;
			knownRegions = (
				en,
				Base,
			);
			mainGroup = E408D3C21E864184007FFF48;
			productRefGroup = E408D3CC1E864185007FFF48 /* Products */;
			projectDirPath = "";
			projectRoot = "";
			targets = (
				E408D3CA1E864184007FFF48 /* colorMe */,
			);
		};
/* End PBXProject section */

/* Begin PBXResourcesBuildPhase section */
		E408D3C91E864184007FFF48 /* Resources */ = {
			isa = PBXResourcesBuildPhase;
			buildActionMask = 2147483647;
			files = (
				E408D3D91E864185007FFF48 /* LaunchScreen.storyboard in Resources */,
				E408D3D61E864185007FFF48 /* Assets.xcassets in Resources */,
				E408D3D41E864185007FFF48 /* Main.storyboard in Resources */,
			);
			runOnlyForDeploymentPostprocessing = 0;
		};
/* End PBXResourcesBuildPhase section */

/* Begin PBXSourcesBuildPhase section */
		E408D3C71E864184007FFF48 /* Sources */ = {
			isa = PBXSourcesBuildPhase;
			buildActionMask = 2147483647;
			files = (
				E408D3D11E864185007FFF48 /* ViewController.swift in Sources */,
				4E0C892E1E86565C002CB9F1 /* ISColorWheel.m in Sources */,
				4E9D79541E86464400AF26AB /* ColorSelector.swift in Sources */,
				E408D3CF1E864185007FFF48 /* AppDelegate.swift in Sources */,
			);
			runOnlyForDeploymentPostprocessing = 0;
		};
/* End PBXSourcesBuildPhase section */

/* Begin PBXVariantGroup section */
		E408D3D21E864185007FFF48 /* Main.storyboard */ = {
			isa = PBXVariantGroup;
			children = (
				E408D3D31E864185007FFF48 /* Base */,
			);
			name = Main.storyboard;
			sourceTree = "<group>";
		};
		E408D3D71E864185007FFF48 /* LaunchScreen.storyboard */ = {
			isa = PBXVariantGroup;
			children = (
				E408D3D81E864185007FFF48 /* Base */,
			);
			name = LaunchScreen.storyboard;
			sourceTree = "<group>";
		};
/* End PBXVariantGroup section */

/* Begin XCBuildConfiguration section */
		E408D3DB1E864185007FFF48 /* Debug */ = {
			isa = XCBuildConfiguration;
			buildSettings = {
				ALWAYS_SEARCH_USER_PATHS = NO;
				CLANG_ANALYZER_NONNULL = YES;
				CLANG_CXX_LANGUAGE_STANDARD = "gnu++0x";
				CLANG_CXX_LIBRARY = "libc++";
				CLANG_ENABLE_MODULES = YES;
				CLANG_ENABLE_OBJC_ARC = YES;
				CLANG_WARN_BOOL_CONVERSION = YES;
				CLANG_WARN_CONSTANT_CONVERSION = YES;
				CLANG_WARN_DIRECT_OBJC_ISA_USAGE = YES_ERROR;
				CLANG_WARN_DOCUMENTATION_COMMENTS = YES;
				CLANG_WARN_EMPTY_BODY = YES;
				CLANG_WARN_ENUM_CONVERSION = YES;
				CLANG_WARN_INFINITE_RECURSION = YES;
				CLANG_WARN_INT_CONVERSION = YES;
				CLANG_WARN_OBJC_ROOT_CLASS = YES_ERROR;
				CLANG_WARN_SUSPICIOUS_MOVE = YES;
				CLANG_WARN_UNREACHABLE_CODE = YES;
				CLANG_WARN__DUPLICATE_METHOD_MATCH = YES;
				"CODE_SIGN_IDENTITY[sdk=iphoneos*]" = "iPhone Developer";
				COPY_PHASE_STRIP = NO;
				DEBUG_INFORMATION_FORMAT = dwarf;
				ENABLE_STRICT_OBJC_MSGSEND = YES;
				ENABLE_TESTABILITY = YES;
				GCC_C_LANGUAGE_STANDARD = gnu99;
				GCC_DYNAMIC_NO_PIC = NO;
				GCC_NO_COMMON_BLOCKS = YES;
				GCC_OPTIMIZATION_LEVEL = 0;
				GCC_PREPROCESSOR_DEFINITIONS = (
					"DEBUG=1",
					"$(inherited)",
				);
				GCC_WARN_64_TO_32_BIT_CONVERSION = YES;
				GCC_WARN_ABOUT_RETURN_TYPE = YES_ERROR;
				GCC_WARN_UNDECLARED_SELECTOR = YES;
				GCC_WARN_UNINITIALIZED_AUTOS = YES_AGGRESSIVE;
				GCC_WARN_UNUSED_FUNCTION = YES;
				GCC_WARN_UNUSED_VARIABLE = YES;
				IPHONEOS_DEPLOYMENT_TARGET = 10.2;
				MTL_ENABLE_DEBUG_INFO = YES;
				ONLY_ACTIVE_ARCH = YES;
				SDKROOT = iphoneos;
				SWIFT_ACTIVE_COMPILATION_CONDITIONS = DEBUG;
				SWIFT_OPTIMIZATION_LEVEL = "-Onone";
				TARGETED_DEVICE_FAMILY = "1,2";
			};
			name = Debug;
		};
		E408D3DC1E864185007FFF48 /* Release */ = {
			isa = XCBuildConfiguration;
			buildSettings = {
				ALWAYS_SEARCH_USER_PATHS = NO;
				CLANG_ANALYZER_NONNULL = YES;
				CLANG_CXX_LANGUAGE_STANDARD = "gnu++0x";
				CLANG_CXX_LIBRARY = "libc++";
				CLANG_ENABLE_MODULES = YES;
				CLANG_ENABLE_OBJC_ARC = YES;
				CLANG_WARN_BOOL_CONVERSION = YES;
				CLANG_WARN_CONSTANT_CONVERSION = YES;
				CLANG_WARN_DIRECT_OBJC_ISA_USAGE = YES_ERROR;
				CLANG_WARN_DOCUMENTATION_COMMENTS = YES;
				CLANG_WARN_EMPTY_BODY = YES;
				CLANG_WARN_ENUM_CONVERSION = YES;
				CLANG_WARN_INFINITE_RECURSION = YES;
				CLANG_WARN_INT_CONVERSION = YES;
				CLANG_WARN_OBJC_ROOT_CLASS = YES_ERROR;
				CLANG_WARN_SUSPICIOUS_MOVE = YES;
				CLANG_WARN_UNREACHABLE_CODE = YES;
				CLANG_WARN__DUPLICATE_METHOD_MATCH = YES;
				"CODE_SIGN_IDENTITY[sdk=iphoneos*]" = "iPhone Developer";
				COPY_PHASE_STRIP = NO;
				DEBUG_INFORMATION_FORMAT = "dwarf-with-dsym";
				ENABLE_NS_ASSERTIONS = NO;
				ENABLE_STRICT_OBJC_MSGSEND = YES;
				GCC_C_LANGUAGE_STANDARD = gnu99;
				GCC_NO_COMMON_BLOCKS = YES;
				GCC_WARN_64_TO_32_BIT_CONVERSION = YES;
				GCC_WARN_ABOUT_RETURN_TYPE = YES_ERROR;
				GCC_WARN_UNDECLARED_SELECTOR = YES;
				GCC_WARN_UNINITIALIZED_AUTOS = YES_AGGRESSIVE;
				GCC_WARN_UNUSED_FUNCTION = YES;
				GCC_WARN_UNUSED_VARIABLE = YES;
				IPHONEOS_DEPLOYMENT_TARGET = 10.2;
				MTL_ENABLE_DEBUG_INFO = NO;
				SDKROOT = iphoneos;
				SWIFT_OPTIMIZATION_LEVEL = "-Owholemodule";
				TARGETED_DEVICE_FAMILY = "1,2";
				VALIDATE_PRODUCT = YES;
			};
			name = Release;
		};
		E408D3DE1E864185007FFF48 /* Debug */ = {
			isa = XCBuildConfiguration;
			buildSettings = {
				ASSETCATALOG_COMPILER_APPICON_NAME = AppIcon;
				CLANG_ENABLE_MODULES = YES;
				DEVELOPMENT_TEAM = N85APE3W6D;
				INFOPLIST_FILE = colorMe/Info.plist;
				IPHONEOS_DEPLOYMENT_TARGET = 9.0;
				LD_RUNPATH_SEARCH_PATHS = "$(inherited) @executable_path/Frameworks";
				PRODUCT_BUNDLE_IDENTIFIER = com.claywebb.colorMe;
				PRODUCT_NAME = "$(TARGET_NAME)";
				SWIFT_OBJC_BRIDGING_HEADER = "colorMe/colorMe-Bridging-Header.h";
				SWIFT_OPTIMIZATION_LEVEL = "-Onone";
				SWIFT_VERSION = 3.0;
			};
			name = Debug;
		};
		E408D3DF1E864185007FFF48 /* Release */ = {
			isa = XCBuildConfiguration;
			buildSettings = {
				ASSETCATALOG_COMPILER_APPICON_NAME = AppIcon;
				CLANG_ENABLE_MODULES = YES;
				DEVELOPMENT_TEAM = N85APE3W6D;
				INFOPLIST_FILE = colorMe/Info.plist;
				IPHONEOS_DEPLOYMENT_TARGET = 9.0;
				LD_RUNPATH_SEARCH_PATHS = "$(inherited) @executable_path/Frameworks";
				PRODUCT_BUNDLE_IDENTIFIER = com.claywebb.colorMe;
				PRODUCT_NAME = "$(TARGET_NAME)";
				SWIFT_OBJC_BRIDGING_HEADER = "colorMe/colorMe-Bridging-Header.h";
				SWIFT_VERSION = 3.0;
			};
			name = Release;
		};
/* End XCBuildConfiguration section */

/* Begin XCConfigurationList section */
		E408D3C61E864184007FFF48 /* Build configuration list for PBXProject "colorMe" */ = {
			isa = XCConfigurationList;
			buildConfigurations = (
				E408D3DB1E864185007FFF48 /* Debug */,
				E408D3DC1E864185007FFF48 /* Release */,
			);
			defaultConfigurationIsVisible = 0;
			defaultConfigurationName = Release;
		};
		E408D3DD1E864185007FFF48 /* Build configuration list for PBXNativeTarget "colorMe" */ = {
			isa = XCConfigurationList;
			buildConfigurations = (
				E408D3DE1E864185007FFF48 /* Debug */,
				E408D3DF1E864185007FFF48 /* Release */,
			);
			defaultConfigurationIsVisible = 0;
			defaultConfigurationName = Release;
		};
/* End XCConfigurationList section */
	};
	rootObject = E408D3C31E864184007FFF48 /* Project object */;
}
